
Microsoft Visual Studio Solution File, Format Version 12.00
# Visual Studio Version 16
VisualStudioVersion = 16.0.31729.503
MinimumVisualStudioVersion = 10.0.40219.1
Project("{FAE04EC0-301F-11D3-BF4B-00C04F79EFBC}") = "01_OrderedCollections", "01_OrderedCollections\01_OrderedCollections.csproj", "{50856138-BDF4-44DF-BFBD-1F15BE1748B3}"
EndProject
Global
	GlobalSection(SolutionConfigurationPlatforms) = preSolution
		Debug|Any CPU = Debug|Any CPU
		Release|Any CPU = Release|Any CPU
	EndGlobalSection
	GlobalSection(ProjectConfigurationPlatforms) = postSolution
		{50856138-BDF4-44DF-BFBD-1F15BE1748B3}.Debug|Any CPU.ActiveCfg = Debug|Any CPU
		{50856138-BDF4-44DF-BFBD-1F15BE1748B3}.Debug|Any CPU.Build.0 = Debug|Any CPU
		{50856138-BDF4-44DF-BFBD-1F15BE1748B3}.Release|Any CPU.ActiveCfg = Release|Any CPU
		{50856138-BDF4-44DF-BFBD-1F15BE1748B3}.Release|Any CPU.Build.0 = Release|Any CPU
	EndGlobalSection
	GlobalSection(SolutionProperties) = preSolution
		HideSolutionNode = FALSE
	EndGlobalSection
	GlobalSection(ExtensibilityGlobals) = postSolution
		SolutionGuid = {DB7FB2C7-A2F7-4A82-834F-82DB71068C47}
	EndGlobalSection
EndGlobal
