
Microsoft Visual Studio Solution File, Format Version 12.00
# Visual Studio Version 16
VisualStudioVersion = 16.0.31702.278
MinimumVisualStudioVersion = 10.0.40219.1
Project("{FAE04EC0-301F-11D3-BF4B-00C04F79EFBC}") = "01-ByteBank", "01-ByteBank\01-ByteBank.csproj", "{4810CDC2-C816-4BD6-9EC7-A130750CA3C4}"
EndProject
Project("{FAE04EC0-301F-11D3-BF4B-00C04F79EFBC}") = "02-ByteBank", "02-ByteBank\02-ByteBank.csproj", "{E79B0C57-B96B-4F59-81D2-EC036C7A13B0}"
EndProject
Project("{FAE04EC0-301F-11D3-BF4B-00C04F79EFBC}") = "03-ByteBank", "03-ByteBank\03-ByteBank.csproj", "{DA73DBE7-100C-4D11-8C78-19850B97D195}"
EndProject
Project("{FAE04EC0-301F-11D3-BF4B-00C04F79EFBC}") = "04-ByteBank", "04-ByteBank\04-ByteBank.csproj", "{51A50E8D-7C82-494E-8C8C-89FB1A4E4DF6}"
EndProject
Project("{FAE04EC0-301F-11D3-BF4B-00C04F79EFBC}") = "05-ByteBank", "05-ByteBank\05-ByteBank.csproj", "{C8EC38CA-760C-40EE-AC8B-5D972AB80977}"
EndProject
Project("{FAE04EC0-301F-11D3-BF4B-00C04F79EFBC}") = "06-ByteBank", "06-ByteBank\06-ByteBank.csproj", "{A937B4AC-5186-4BE7-9D48-512D715263CC}"
EndProject
Project("{FAE04EC0-301F-11D3-BF4B-00C04F79EFBC}") = "07-ByteBank", "07-ByteBank\07-ByteBank.csproj", "{D8073C3B-3C5D-4FD5-A09B-A0C016B84E68}"
EndProject
Global
	GlobalSection(SolutionConfigurationPlatforms) = preSolution
		Debug|Any CPU = Debug|Any CPU
		Release|Any CPU = Release|Any CPU
	EndGlobalSection
	GlobalSection(ProjectConfigurationPlatforms) = postSolution
		{4810CDC2-C816-4BD6-9EC7-A130750CA3C4}.Debug|Any CPU.ActiveCfg = Debug|Any CPU
		{4810CDC2-C816-4BD6-9EC7-A130750CA3C4}.Debug|Any CPU.Build.0 = Debug|Any CPU
		{4810CDC2-C816-4BD6-9EC7-A130750CA3C4}.Release|Any CPU.ActiveCfg = Release|Any CPU
		{4810CDC2-C816-4BD6-9EC7-A130750CA3C4}.Release|Any CPU.Build.0 = Release|Any CPU
		{E79B0C57-B96B-4F59-81D2-EC036C7A13B0}.Debug|Any CPU.ActiveCfg = Debug|Any CPU
		{E79B0C57-B96B-4F59-81D2-EC036C7A13B0}.Debug|Any CPU.Build.0 = Debug|Any CPU
		{E79B0C57-B96B-4F59-81D2-EC036C7A13B0}.Release|Any CPU.ActiveCfg = Release|Any CPU
		{E79B0C57-B96B-4F59-81D2-EC036C7A13B0}.Release|Any CPU.Build.0 = Release|Any CPU
		{DA73DBE7-100C-4D11-8C78-19850B97D195}.Debug|Any CPU.ActiveCfg = Debug|Any CPU
		{DA73DBE7-100C-4D11-8C78-19850B97D195}.Debug|Any CPU.Build.0 = Debug|Any CPU
		{DA73DBE7-100C-4D11-8C78-19850B97D195}.Release|Any CPU.ActiveCfg = Release|Any CPU
		{DA73DBE7-100C-4D11-8C78-19850B97D195}.Release|Any CPU.Build.0 = Release|Any CPU
		{51A50E8D-7C82-494E-8C8C-89FB1A4E4DF6}.Debug|Any CPU.ActiveCfg = Debug|Any CPU
		{51A50E8D-7C82-494E-8C8C-89FB1A4E4DF6}.Debug|Any CPU.Build.0 = Debug|Any CPU
		{51A50E8D-7C82-494E-8C8C-89FB1A4E4DF6}.Release|Any CPU.ActiveCfg = Release|Any CPU
		{51A50E8D-7C82-494E-8C8C-89FB1A4E4DF6}.Release|Any CPU.Build.0 = Release|Any CPU
		{C8EC38CA-760C-40EE-AC8B-5D972AB80977}.Debug|Any CPU.ActiveCfg = Debug|Any CPU
		{C8EC38CA-760C-40EE-AC8B-5D972AB80977}.Debug|Any CPU.Build.0 = Debug|Any CPU
		{C8EC38CA-760C-40EE-AC8B-5D972AB80977}.Release|Any CPU.ActiveCfg = Release|Any CPU
		{C8EC38CA-760C-40EE-AC8B-5D972AB80977}.Release|Any CPU.Build.0 = Release|Any CPU
		{A937B4AC-5186-4BE7-9D48-512D715263CC}.Debug|Any CPU.ActiveCfg = Debug|Any CPU
		{A937B4AC-5186-4BE7-9D48-512D715263CC}.Debug|Any CPU.Build.0 = Debug|Any CPU
		{A937B4AC-5186-4BE7-9D48-512D715263CC}.Release|Any CPU.ActiveCfg = Release|Any CPU
		{A937B4AC-5186-4BE7-9D48-512D715263CC}.Release|Any CPU.Build.0 = Release|Any CPU
		{D8073C3B-3C5D-4FD5-A09B-A0C016B84E68}.Debug|Any CPU.ActiveCfg = Debug|Any CPU
		{D8073C3B-3C5D-4FD5-A09B-A0C016B84E68}.Debug|Any CPU.Build.0 = Debug|Any CPU
		{D8073C3B-3C5D-4FD5-A09B-A0C016B84E68}.Release|Any CPU.ActiveCfg = Release|Any CPU
		{D8073C3B-3C5D-4FD5-A09B-A0C016B84E68}.Release|Any CPU.Build.0 = Release|Any CPU
	EndGlobalSection
	GlobalSection(SolutionProperties) = preSolution
		HideSolutionNode = FALSE
	EndGlobalSection
	GlobalSection(ExtensibilityGlobals) = postSolution
		SolutionGuid = {F6F5D620-1763-4C80-BF49-4D6AE17C4E51}
	EndGlobalSection
EndGlobal
